
Microsoft Visual Studio Solution File, Format Version 12.00
# Visual Studio Version 17
VisualStudioVersion = 17.0.31919.166
MinimumVisualStudioVersion = 10.0.40219.1
Project("{FAE04EC0-301F-11D3-BF4B-00C04F79EFBC}") = "MicroserviceLauncher.Ui", "MicroserviceLauncher.Ui\MicroserviceLauncher.Ui.csproj", "{50515C3B-A190-45A2-A8EF-D67BC1061D25}"
EndProject
Global
	GlobalSection(SolutionConfigurationPlatforms) = preSolution
		Debug|Any CPU = Debug|Any CPU
		Release|Any CPU = Release|Any CPU
	EndGlobalSection
	GlobalSection(ProjectConfigurationPlatforms) = postSolution
		{50515C3B-A190-45A2-A8EF-D67BC1061D25}.Debug|Any CPU.ActiveCfg = Debug|Any CPU
		{50515C3B-A190-45A2-A8EF-D67BC1061D25}.Debug|Any CPU.Build.0 = Debug|Any CPU
		{50515C3B-A190-45A2-A8EF-D67BC1061D25}.Release|Any CPU.ActiveCfg = Release|Any CPU
		{50515C3B-A190-45A2-A8EF-D67BC1061D25}.Release|Any CPU.Build.0 = Release|Any CPU
	EndGlobalSection
	GlobalSection(SolutionProperties) = preSolution
		HideSolutionNode = FALSE
	EndGlobalSection
	GlobalSection(ExtensibilityGlobals) = postSolution
		SolutionGuid = {25C0665B-4655-4D44-ADFF-A2DC3C029DE0}
	EndGlobalSection
EndGlobal
